
Microsoft Visual Studio Solution File, Format Version 11.00
# Visual Studio 2010
Project("{FAE04EC0-301F-11D3-BF4B-00C04F79EFBC}") = "UnityEngine.TestRunner", "UnityEngine.TestRunner.csproj", "{10d6413c-1310-2bbd-d81a-fd69f3dde80e}"
EndProject
Project("{FAE04EC0-301F-11D3-BF4B-00C04F79EFBC}") = "Unity.Timeline", "Unity.Timeline.csproj", "{9cd4bc49-42b6-8a84-e470-e150b19cb8b4}"
EndProject
Project("{FAE04EC0-301F-11D3-BF4B-00C04F79EFBC}") = "UnityEngine.UI", "UnityEngine.UI.csproj", "{711ffe45-a2fd-e387-23e1-9e066a6b38c5}"
EndProject
Project("{FAE04EC0-301F-11D3-BF4B-00C04F79EFBC}") = "Unity.TextMeshPro", "Unity.TextMeshPro.csproj", "{9f5f53b8-ee65-247e-ba2b-32c813320159}"
EndProject
Project("{FAE04EC0-301F-11D3-BF4B-00C04F79EFBC}") = "Assembly-CSharp", "Assembly-CSharp.csproj", "{415c6a3f-750a-0692-3b68-059a37a22ced}"
EndProject
Project("{FAE04EC0-301F-11D3-BF4B-00C04F79EFBC}") = "UnityEditor.TestRunner", "UnityEditor.TestRunner.csproj", "{2fedee5b-93a6-c8c5-7736-e27859c66950}"
EndProject
Project("{FAE04EC0-301F-11D3-BF4B-00C04F79EFBC}") = "Unity.PlasticSCM.Editor", "Unity.PlasticSCM.Editor.csproj", "{1ac8c8a5-ca9f-1e47-6a3f-a31cd48eaabb}"
EndProject
Project("{FAE04EC0-301F-11D3-BF4B-00C04F79EFBC}") = "UnityEditor.UI", "UnityEditor.UI.csproj", "{f8e2d683-02da-7f2f-89c9-3c8fab98b1d7}"
EndProject
Project("{FAE04EC0-301F-11D3-BF4B-00C04F79EFBC}") = "Unity.Services.Core.Editor", "Unity.Services.Core.Editor.csproj", "{40c10308-1c05-2a14-fb11-24b419864e07}"
EndProject
Project("{FAE04EC0-301F-11D3-BF4B-00C04F79EFBC}") = "Unity.Timeline.Editor", "Unity.Timeline.Editor.csproj", "{45c3cc62-1ebe-0421-6069-d5811d367e2d}"
EndProject
Project("{FAE04EC0-301F-11D3-BF4B-00C04F79EFBC}") = "Unity.VisualStudio.Editor", "Unity.VisualStudio.Editor.csproj", "{19dcb5dd-4908-bc14-d3e5-29e1ac4c71db}"
EndProject
Project("{FAE04EC0-301F-11D3-BF4B-00C04F79EFBC}") = "Unity.TextMeshPro.Editor", "Unity.TextMeshPro.Editor.csproj", "{950be8e8-e550-155e-9bc9-7e59356562e9}"
EndProject
Project("{FAE04EC0-301F-11D3-BF4B-00C04F79EFBC}") = "Unity.CollabProxy.Editor", "Unity.CollabProxy.Editor.csproj", "{e27fe00c-8689-cd0c-12bc-bd4bace2821c}"
EndProject
Project("{FAE04EC0-301F-11D3-BF4B-00C04F79EFBC}") = "Unity.Rider.Editor", "Unity.Rider.Editor.csproj", "{da753762-aa77-08ae-8c77-b8b3fad6bf6b}"
EndProject
Project("{FAE04EC0-301F-11D3-BF4B-00C04F79EFBC}") = "Unity.VSCode.Editor", "Unity.VSCode.Editor.csproj", "{78b7e303-60b5-da08-855c-1f1cf1fd7f73}"
EndProject
Global
	GlobalSection(SolutionConfigurationPlatforms) = preSolution
		Debug|Any CPU = Debug|Any CPU
	EndGlobalSection
	GlobalSection(ProjectConfigurationPlatforms) = postSolution
		{10d6413c-1310-2bbd-d81a-fd69f3dde80e}.Debug|Any CPU.ActiveCfg = Debug|Any CPU
		{10d6413c-1310-2bbd-d81a-fd69f3dde80e}.Debug|Any CPU.Build.0 = Debug|Any CPU
		{9cd4bc49-42b6-8a84-e470-e150b19cb8b4}.Debug|Any CPU.ActiveCfg = Debug|Any CPU
		{9cd4bc49-42b6-8a84-e470-e150b19cb8b4}.Debug|Any CPU.Build.0 = Debug|Any CPU
		{711ffe45-a2fd-e387-23e1-9e066a6b38c5}.Debug|Any CPU.ActiveCfg = Debug|Any CPU
		{711ffe45-a2fd-e387-23e1-9e066a6b38c5}.Debug|Any CPU.Build.0 = Debug|Any CPU
		{9f5f53b8-ee65-247e-ba2b-32c813320159}.Debug|Any CPU.ActiveCfg = Debug|Any CPU
		{9f5f53b8-ee65-247e-ba2b-32c813320159}.Debug|Any CPU.Build.0 = Debug|Any CPU
		{415c6a3f-750a-0692-3b68-059a37a22ced}.Debug|Any CPU.ActiveCfg = Debug|Any CPU
		{415c6a3f-750a-0692-3b68-059a37a22ced}.Debug|Any CPU.Build.0 = Debug|Any CPU
		{2fedee5b-93a6-c8c5-7736-e27859c66950}.Debug|Any CPU.ActiveCfg = Debug|Any CPU
		{2fedee5b-93a6-c8c5-7736-e27859c66950}.Debug|Any CPU.Build.0 = Debug|Any CPU
		{1ac8c8a5-ca9f-1e47-6a3f-a31cd48eaabb}.Debug|Any CPU.ActiveCfg = Debug|Any CPU
		{1ac8c8a5-ca9f-1e47-6a3f-a31cd48eaabb}.Debug|Any CPU.Build.0 = Debug|Any CPU
		{f8e2d683-02da-7f2f-89c9-3c8fab98b1d7}.Debug|Any CPU.ActiveCfg = Debug|Any CPU
		{f8e2d683-02da-7f2f-89c9-3c8fab98b1d7}.Debug|Any CPU.Build.0 = Debug|Any CPU
		{40c10308-1c05-2a14-fb11-24b419864e07}.Debug|Any CPU.ActiveCfg = Debug|Any CPU
		{40c10308-1c05-2a14-fb11-24b419864e07}.Debug|Any CPU.Build.0 = Debug|Any CPU
		{45c3cc62-1ebe-0421-6069-d5811d367e2d}.Debug|Any CPU.ActiveCfg = Debug|Any CPU
		{45c3cc62-1ebe-0421-6069-d5811d367e2d}.Debug|Any CPU.Build.0 = Debug|Any CPU
		{19dcb5dd-4908-bc14-d3e5-29e1ac4c71db}.Debug|Any CPU.ActiveCfg = Debug|Any CPU
		{19dcb5dd-4908-bc14-d3e5-29e1ac4c71db}.Debug|Any CPU.Build.0 = Debug|Any CPU
		{950be8e8-e550-155e-9bc9-7e59356562e9}.Debug|Any CPU.ActiveCfg = Debug|Any CPU
		{950be8e8-e550-155e-9bc9-7e59356562e9}.Debug|Any CPU.Build.0 = Debug|Any CPU
		{e27fe00c-8689-cd0c-12bc-bd4bace2821c}.Debug|Any CPU.ActiveCfg = Debug|Any CPU
		{e27fe00c-8689-cd0c-12bc-bd4bace2821c}.Debug|Any CPU.Build.0 = Debug|Any CPU
		{da753762-aa77-08ae-8c77-b8b3fad6bf6b}.Debug|Any CPU.ActiveCfg = Debug|Any CPU
		{da753762-aa77-08ae-8c77-b8b3fad6bf6b}.Debug|Any CPU.Build.0 = Debug|Any CPU
		{78b7e303-60b5-da08-855c-1f1cf1fd7f73}.Debug|Any CPU.ActiveCfg = Debug|Any CPU
		{78b7e303-60b5-da08-855c-1f1cf1fd7f73}.Debug|Any CPU.Build.0 = Debug|Any CPU
	EndGlobalSection
	GlobalSection(SolutionProperties) = preSolution
		HideSolutionNode = FALSE
	EndGlobalSection
EndGlobal
